
Microsoft Visual Studio Solution File, Format Version 12.00
# Visual Studio Version 17
VisualStudioVersion = 17.13.35931.197 d17.13
MinimumVisualStudioVersion = 10.0.40219.1
Project("{FAE04EC0-301F-11D3-BF4B-00C04F79EFBC}") = "DemoCollectionView", "DemoCollectionView\DemoCollectionView.csproj", "{D27E2438-0AF9-43C1-B195-31310B2C8BFF}"
EndProject
Global
	GlobalSection(SolutionConfigurationPlatforms) = preSolution
		Debug|Any CPU = Debug|Any CPU
		Release|Any CPU = Release|Any CPU
	EndGlobalSection
	GlobalSection(ProjectConfigurationPlatforms) = postSolution
		{D27E2438-0AF9-43C1-B195-31310B2C8BFF}.Debug|Any CPU.ActiveCfg = Debug|Any CPU
		{D27E2438-0AF9-43C1-B195-31310B2C8BFF}.Debug|Any CPU.Build.0 = Debug|Any CPU
		{D27E2438-0AF9-43C1-B195-31310B2C8BFF}.Debug|Any CPU.Deploy.0 = Debug|Any CPU
		{D27E2438-0AF9-43C1-B195-31310B2C8BFF}.Release|Any CPU.ActiveCfg = Release|Any CPU
		{D27E2438-0AF9-43C1-B195-31310B2C8BFF}.Release|Any CPU.Build.0 = Release|Any CPU
	EndGlobalSection
	GlobalSection(SolutionProperties) = preSolution
		HideSolutionNode = FALSE
	EndGlobalSection
	GlobalSection(ExtensibilityGlobals) = postSolution
		SolutionGuid = {2EB3AD3E-DD5E-4AF5-98A8-82F20DF675FB}
	EndGlobalSection
EndGlobal
